PODS:
  - GDTMobSDK (4.11.9):
    - GDTMobSDK/GDTMobSDK (= 4.11.9)
  - GDTMobSDK/GDTMobSDK (4.11.9)

DEPENDENCIES:
  - GDTMobSDK (~> 4.11.9)

SPEC REPOS:
  trunk:
    - GDTMobSDK

SPEC CHECKSUMS:
  GDTMobSDK: b6427056bbca5ff7b654777604820133006507e5

PODFILE CHECKSUM: ba5598334cb926bb38ffdb2ae05bb7534f20d841

COCOAPODS: 1.9.1
